
Microsoft Visual Studio Solution File, Format Version 12.00
# Visual Studio Version 17
VisualStudioVersion = 17.11.35312.102
MinimumVisualStudioVersion = 10.0.40219.1
Project("{FAE04EC0-301F-11D3-BF4B-00C04F79EFBC}") = "Task1", "Task1.csproj", "{AD33F4A9-CD24-43A7-AD3F-B1ECEBF7038D}"
EndProject
Global
	GlobalSection(SolutionConfigurationPlatforms) = preSolution
		Debug|Any CPU = Debug|Any CPU
		Release|Any CPU = Release|Any CPU
	EndGlobalSection
	GlobalSection(ProjectConfigurationPlatforms) = postSolution
		{AD33F4A9-CD24-43A7-AD3F-B1ECEBF7038D}.Debug|Any CPU.ActiveCfg = Debug|Any CPU
		{AD33F4A9-CD24-43A7-AD3F-B1ECEBF7038D}.Debug|Any CPU.Build.0 = Debug|Any CPU
		{AD33F4A9-CD24-43A7-AD3F-B1ECEBF7038D}.Release|Any CPU.ActiveCfg = Release|Any CPU
		{AD33F4A9-CD24-43A7-AD3F-B1ECEBF7038D}.Release|Any CPU.Build.0 = Release|Any CPU
	EndGlobalSection
	GlobalSection(SolutionProperties) = preSolution
		HideSolutionNode = FALSE
	EndGlobalSection
	GlobalSection(ExtensibilityGlobals) = postSolution
		SolutionGuid = {9EF2421C-3A1A-4E3A-A5EA-2CD3FBCC2810}
	EndGlobalSection
EndGlobal
